// !$*UTF8*$!
{
	archiveVersion = 1;
	classes = {
	};
	objectVersion = 56;
	objects = {

/* Begin PBXBuildFile section */
		D7E0FA4B297B28EC00F8D9A1 /* AppDelegate.swift in Sources */ = {isa = PBXBuildFile; fileRef = D7E0FA4A297B28EC00F8D9A1 /* AppDelegate.swift */; };
		D7E0FA4D297B28EC00F8D9A1 /* SceneDelegate.swift in Sources */ = {isa = PBXBuildFile; fileRef = D7E0FA4C297B28EC00F8D9A1 /* SceneDelegate.swift */; };
		D7E0FA4F297B28EC00F8D9A1 /* AuthorizationVC.swift in Sources */ = {isa = PBXBuildFile; fileRef = D7E0FA4E297B28EC00F8D9A1 /* AuthorizationVC.swift */; };
		D7E0FA54297B28EE00F8D9A1 /* Assets.xcassets in Resources */ = {isa = PBXBuildFile; fileRef = D7E0FA53297B28EE00F8D9A1 /* Assets.xcassets */; };
		D7E0FA57297B28EE00F8D9A1 /* LaunchScreen.storyboard in Resources */ = {isa = PBXBuildFile; fileRef = D7E0FA55297B28EE00F8D9A1 /* LaunchScreen.storyboard */; };
		D7E0FA81297C626600F8D9A1 /* GeneralTabBarController.swift in Sources */ = {isa = PBXBuildFile; fileRef = D7E0FA80297C626600F8D9A1 /* GeneralTabBarController.swift */; };
		D7E0FA84297D1F4A00F8D9A1 /* VerificationContainerView.swift in Sources */ = {isa = PBXBuildFile; fileRef = D7E0FA83297D1F4A00F8D9A1 /* VerificationContainerView.swift */; };
		D7E0FA87297D207500F8D9A1 /* VerificationContainerView+Timer.swift in Sources */ = {isa = PBXBuildFile; fileRef = D7E0FA86297D207500F8D9A1 /* VerificationContainerView+Timer.swift */; };
		D7E0FA89297D20B300F8D9A1 /* VerificationCodeController.swift in Sources */ = {isa = PBXBuildFile; fileRef = D7E0FA88297D20B300F8D9A1 /* VerificationCodeController.swift */; };
		D7E0FA90297D22CB00F8D9A1 /* CallingCodes.plist in Resources */ = {isa = PBXBuildFile; fileRef = D7E0FA8F297D22CB00F8D9A1 /* CallingCodes.plist */; };
		D7E0FA93297D22E200F8D9A1 /* CountriesFetcher.swift in Sources */ = {isa = PBXBuildFile; fileRef = D7E0FA92297D22E200F8D9A1 /* CountriesFetcher.swift */; };
		D7E0FA96297D231700F8D9A1 /* Country.swift in Sources */ = {isa = PBXBuildFile; fileRef = D7E0FA95297D231700F8D9A1 /* Country.swift */; };
		D7E0FA99297D240000F8D9A1 /* CountriesTableViewCell.swift in Sources */ = {isa = PBXBuildFile; fileRef = D7E0FA98297D240000F8D9A1 /* CountriesTableViewCell.swift */; };
		D7E0FA9B297D246100F8D9A1 /* PhoneNumberController.swift in Sources */ = {isa = PBXBuildFile; fileRef = D7E0FA9A297D246000F8D9A1 /* PhoneNumberController.swift */; };
		D7E0FA9D297D246D00F8D9A1 /* PhoneNumberContainerView.swift in Sources */ = {isa = PBXBuildFile; fileRef = D7E0FA9C297D246D00F8D9A1 /* PhoneNumberContainerView.swift */; };
		D7E0FAA0297D263B00F8D9A1 /* UserProfileController.swift in Sources */ = {isa = PBXBuildFile; fileRef = D7E0FA9F297D263B00F8D9A1 /* UserProfileController.swift */; };
		D7E0FAA2297D273F00F8D9A1 /* UserProfileContainerView.swift in Sources */ = {isa = PBXBuildFile; fileRef = D7E0FAA1297D273F00F8D9A1 /* UserProfileContainerView.swift */; };
		D7E0FAA4297D275A00F8D9A1 /* UserProfileController+keyboardHandlers.swift in Sources */ = {isa = PBXBuildFile; fileRef = D7E0FAA3297D275A00F8D9A1 /* UserProfileController+keyboardHandlers.swift */; };
		D7E0FAA6297D276F00F8D9A1 /* UserProfileAvatarOpenerDelegate.swift in Sources */ = {isa = PBXBuildFile; fileRef = D7E0FAA5297D276F00F8D9A1 /* UserProfileAvatarOpenerDelegate.swift */; };
		D7E0FAA8297D278200F8D9A1 /* UserProfileDataDatabaseUpdater.swift in Sources */ = {isa = PBXBuildFile; fileRef = D7E0FAA7297D278200F8D9A1 /* UserProfileDataDatabaseUpdater.swift */; };
		D7E0FAAA297D279C00F8D9A1 /* UserExistenceChecker.swift in Sources */ = {isa = PBXBuildFile; fileRef = D7E0FAA9297D279C00F8D9A1 /* UserExistenceChecker.swift */; };
		D7E0FAAE297D286A00F8D9A1 /* ThemeManager.swift in Sources */ = {isa = PBXBuildFile; fileRef = D7E0FAAD297D286A00F8D9A1 /* ThemeManager.swift */; };
		D7E0FAB1297D28AD00F8D9A1 /* UserDefaultsManager.swift in Sources */ = {isa = PBXBuildFile; fileRef = D7E0FAB0297D28AD00F8D9A1 /* UserDefaultsManager.swift */; };
		D7E0FAB5297D6DDB00F8D9A1 /* UIView+Extension.swift in Sources */ = {isa = PBXBuildFile; fileRef = D7E0FAB4297D6DDB00F8D9A1 /* UIView+Extension.swift */; };
		D7E0FAB7297D6DF300F8D9A1 /* String+Extension.swift in Sources */ = {isa = PBXBuildFile; fileRef = D7E0FAB6297D6DF300F8D9A1 /* String+Extension.swift */; };
		D7E0FAB9297D71BF00F8D9A1 /* TextField+Extension.swift in Sources */ = {isa = PBXBuildFile; fileRef = D7E0FAB8297D71BF00F8D9A1 /* TextField+Extension.swift */; };
		D7E0FABC297E6E8C00F8D9A1 /* Localizable.strings in Resources */ = {isa = PBXBuildFile; fileRef = D7E0FABE297E6E8C00F8D9A1 /* Localizable.strings */; };
		D7E0FAC1297E73E800F8D9A1 /* Label+Extension.swift in Sources */ = {isa = PBXBuildFile; fileRef = D7E0FAC0297E73E800F8D9A1 /* Label+Extension.swift */; };
		D7E0FAC3297E7B5100F8D9A1 /* GlobalVariables.swift in Sources */ = {isa = PBXBuildFile; fileRef = D7E0FAC2297E7B5100F8D9A1 /* GlobalVariables.swift */; };
		D7E0FAC5297E7DF900F8D9A1 /* ImageView+Extension.swift in Sources */ = {isa = PBXBuildFile; fileRef = D7E0FAC4297E7DF900F8D9A1 /* ImageView+Extension.swift */; };
/* End PBXBuildFile section */

/* Begin PBXFileReference section */
		D7E0FA47297B28EC00F8D9A1 /* Messenger.app */ = {isa = PBXFileReference; explicitFileType = wrapper.application; includeInIndex = 0; path = Messenger.app; sourceTree = BUILT_PRODUCTS_DIR; };
		D7E0FA4A297B28EC00F8D9A1 /* AppDelegate.swift */ = {isa = PBXFileReference; lastKnownFileType = sourcecode.swift; path = AppDelegate.swift; sourceTree = "<group>"; };
		D7E0FA4C297B28EC00F8D9A1 /* SceneDelegate.swift */ = {isa = PBXFileReference; lastKnownFileType = sourcecode.swift; path = SceneDelegate.swift; sourceTree = "<group>"; };
		D7E0FA4E297B28EC00F8D9A1 /* AuthorizationVC.swift */ = {isa = PBXFileReference; lastKnownFileType = sourcecode.swift; path = AuthorizationVC.swift; sourceTree = "<group>"; };
		D7E0FA53297B28EE00F8D9A1 /* Assets.xcassets */ = {isa = PBXFileReference; lastKnownFileType = folder.assetcatalog; path = Assets.xcassets; sourceTree = "<group>"; };
		D7E0FA56297B28EE00F8D9A1 /* Base */ = {isa = PBXFileReference; lastKnownFileType = file.storyboard; name = Base; path = Base.lproj/LaunchScreen.storyboard; sourceTree = "<group>"; };
		D7E0FA58297B28EE00F8D9A1 /* Info.plist */ = {isa = PBXFileReference; lastKnownFileType = text.plist.xml; path = Info.plist; sourceTree = "<group>"; };
		D7E0FA80297C626600F8D9A1 /* GeneralTabBarController.swift */ = {isa = PBXFileReference; lastKnownFileType = sourcecode.swift; path = GeneralTabBarController.swift; sourceTree = "<group>"; };
		D7E0FA83297D1F4A00F8D9A1 /* VerificationContainerView.swift */ = {isa = PBXFileReference; lastKnownFileType = sourcecode.swift; path = VerificationContainerView.swift; sourceTree = "<group>"; };
		D7E0FA86297D207500F8D9A1 /* VerificationContainerView+Timer.swift */ = {isa = PBXFileReference; lastKnownFileType = sourcecode.swift; path = "VerificationContainerView+Timer.swift"; sourceTree = "<group>"; };
		D7E0FA88297D20B300F8D9A1 /* VerificationCodeController.swift */ = {isa = PBXFileReference; lastKnownFileType = sourcecode.swift; path = VerificationCodeController.swift; sourceTree = "<group>"; };
		D7E0FA8F297D22CB00F8D9A1 /* CallingCodes.plist */ = {isa = PBXFileReference; fileEncoding = 4; lastKnownFileType = text.plist.xml; path = CallingCodes.plist; sourceTree = "<group>"; };
		D7E0FA92297D22E200F8D9A1 /* CountriesFetcher.swift */ = {isa = PBXFileReference; lastKnownFileType = sourcecode.swift; path = CountriesFetcher.swift; sourceTree = "<group>"; };
		D7E0FA95297D231700F8D9A1 /* Country.swift */ = {isa = PBXFileReference; lastKnownFileType = sourcecode.swift; path = Country.swift; sourceTree = "<group>"; };
		D7E0FA98297D240000F8D9A1 /* CountriesTableViewCell.swift */ = {isa = PBXFileReference; lastKnownFileType = sourcecode.swift; path = CountriesTableViewCell.swift; sourceTree = "<group>"; };
		D7E0FA9A297D246000F8D9A1 /* PhoneNumberController.swift */ = {isa = PBXFileReference; lastKnownFileType = sourcecode.swift; path = PhoneNumberController.swift; sourceTree = "<group>"; };
		D7E0FA9C297D246D00F8D9A1 /* PhoneNumberContainerView.swift */ = {isa = PBXFileReference; lastKnownFileType = sourcecode.swift; path = PhoneNumberContainerView.swift; sourceTree = "<group>"; };
		D7E0FA9F297D263B00F8D9A1 /* UserProfileController.swift */ = {isa = PBXFileReference; lastKnownFileType = sourcecode.swift; path = UserProfileController.swift; sourceTree = "<group>"; };
		D7E0FAA1297D273F00F8D9A1 /* UserProfileContainerView.swift */ = {isa = PBXFileReference; lastKnownFileType = sourcecode.swift; path = UserProfileContainerView.swift; sourceTree = "<group>"; };
		D7E0FAA3297D275A00F8D9A1 /* UserProfileController+keyboardHandlers.swift */ = {isa = PBXFileReference; lastKnownFileType = sourcecode.swift; path = "UserProfileController+keyboardHandlers.swift"; sourceTree = "<group>"; };
		D7E0FAA5297D276F00F8D9A1 /* UserProfileAvatarOpenerDelegate.swift */ = {isa = PBXFileReference; lastKnownFileType = sourcecode.swift; path = UserProfileAvatarOpenerDelegate.swift; sourceTree = "<group>"; };
		D7E0FAA7297D278200F8D9A1 /* UserProfileDataDatabaseUpdater.swift */ = {isa = PBXFileReference; lastKnownFileType = sourcecode.swift; path = UserProfileDataDatabaseUpdater.swift; sourceTree = "<group>"; };
		D7E0FAA9297D279C00F8D9A1 /* UserExistenceChecker.swift */ = {isa = PBXFileReference; lastKnownFileType = sourcecode.swift; path = UserExistenceChecker.swift; sourceTree = "<group>"; };
		D7E0FAAD297D286A00F8D9A1 /* ThemeManager.swift */ = {isa = PBXFileReference; lastKnownFileType = sourcecode.swift; path = ThemeManager.swift; sourceTree = "<group>"; };
		D7E0FAB0297D28AD00F8D9A1 /* UserDefaultsManager.swift */ = {isa = PBXFileReference; lastKnownFileType = sourcecode.swift; path = UserDefaultsManager.swift; sourceTree = "<group>"; };
		D7E0FAB4297D6DDB00F8D9A1 /* UIView+Extension.swift */ = {isa = PBXFileReference; lastKnownFileType = sourcecode.swift; path = "UIView+Extension.swift"; sourceTree = "<group>"; };
		D7E0FAB6297D6DF300F8D9A1 /* String+Extension.swift */ = {isa = PBXFileReference; lastKnownFileType = sourcecode.swift; path = "String+Extension.swift"; sourceTree = "<group>"; };
		D7E0FAB8297D71BF00F8D9A1 /* TextField+Extension.swift */ = {isa = PBXFileReference; lastKnownFileType = sourcecode.swift; path = "TextField+Extension.swift"; sourceTree = "<group>"; };
		D7E0FABD297E6E8C00F8D9A1 /* en */ = {isa = PBXFileReference; lastKnownFileType = text.plist.strings; name = en; path = en.lproj/Localizable.strings; sourceTree = "<group>"; };
		D7E0FABF297E6EA200F8D9A1 /* ru */ = {isa = PBXFileReference; lastKnownFileType = text.plist.strings; name = ru; path = ru.lproj/Localizable.strings; sourceTree = "<group>"; };
		D7E0FAC0297E73E800F8D9A1 /* Label+Extension.swift */ = {isa = PBXFileReference; lastKnownFileType = sourcecode.swift; path = "Label+Extension.swift"; sourceTree = "<group>"; };
		D7E0FAC2297E7B5100F8D9A1 /* GlobalVariables.swift */ = {isa = PBXFileReference; lastKnownFileType = sourcecode.swift; path = GlobalVariables.swift; sourceTree = "<group>"; };
		D7E0FAC4297E7DF900F8D9A1 /* ImageView+Extension.swift */ = {isa = PBXFileReference; lastKnownFileType = sourcecode.swift; path = "ImageView+Extension.swift"; sourceTree = "<group>"; };
/* End PBXFileReference section */

/* Begin PBXFrameworksBuildPhase section */
		D7E0FA44297B28EC00F8D9A1 /* Frameworks */ = {
			isa = PBXFrameworksBuildPhase;
			buildActionMask = 2147483647;
			files = (
			);
			runOnlyForDeploymentPostprocessing = 0;
		};
/* End PBXFrameworksBuildPhase section */

/* Begin PBXGroup section */
		D7E0FA3E297B28EB00F8D9A1 = {
			isa = PBXGroup;
			children = (
				D7E0FA49297B28EC00F8D9A1 /* Messenger */,
				D7E0FA48297B28EC00F8D9A1 /* Products */,
			);
			sourceTree = "<group>";
		};
		D7E0FA48297B28EC00F8D9A1 /* Products */ = {
			isa = PBXGroup;
			children = (
				D7E0FA47297B28EC00F8D9A1 /* Messenger.app */,
			);
			name = Products;
			sourceTree = "<group>";
		};
		D7E0FA49297B28EC00F8D9A1 /* Messenger */ = {
			isa = PBXGroup;
			children = (
				D7E0FAB2297D6DB500F8D9A1 /* Helpers */,
				D7E0FA7F297C622500F8D9A1 /* AppDelegate */,
				D7E0FA9E297D261B00F8D9A1 /* UserProfile */,
				D7E0FA7E297C61FF00F8D9A1 /* Authentication */,
				D7E0FA53297B28EE00F8D9A1 /* Assets.xcassets */,
				D7E0FA55297B28EE00F8D9A1 /* LaunchScreen.storyboard */,
				D7E0FA58297B28EE00F8D9A1 /* Info.plist */,
				D7E0FABE297E6E8C00F8D9A1 /* Localizable.strings */,
				D7E0FAAB297D284F00F8D9A1 /* Supporting Files */,
			);
			path = Messenger;
			sourceTree = "<group>";
		};
		D7E0FA7E297C61FF00F8D9A1 /* Authentication */ = {
			isa = PBXGroup;
			children = (
				D7E0FA8B297D225900F8D9A1 /* PhoneAuthentication */,
				D7E0FA4E297B28EC00F8D9A1 /* AuthorizationVC.swift */,
			);
			path = Authentication;
			sourceTree = "<group>";
		};
		D7E0FA7F297C622500F8D9A1 /* AppDelegate */ = {
			isa = PBXGroup;
			children = (
				D7E0FA4A297B28EC00F8D9A1 /* AppDelegate.swift */,
				D7E0FA4C297B28EC00F8D9A1 /* SceneDelegate.swift */,
				D7E0FA82297C62A100F8D9A1 /* TabBarController */,
			);
			path = AppDelegate;
			sourceTree = "<group>";
		};
		D7E0FA82297C62A100F8D9A1 /* TabBarController */ = {
			isa = PBXGroup;
			children = (
				D7E0FA80297C626600F8D9A1 /* GeneralTabBarController.swift */,
			);
			path = TabBarController;
			sourceTree = "<group>";
		};
		D7E0FA85297D206400F8D9A1 /* VerificationControllers */ = {
			isa = PBXGroup;
			children = (
				D7E0FA88297D20B300F8D9A1 /* VerificationCodeController.swift */,
				D7E0FA83297D1F4A00F8D9A1 /* VerificationContainerView.swift */,
				D7E0FA86297D207500F8D9A1 /* VerificationContainerView+Timer.swift */,
			);
			path = VerificationControllers;
			sourceTree = "<group>";
		};
		D7E0FA8B297D225900F8D9A1 /* PhoneAuthentication */ = {
			isa = PBXGroup;
			children = (
				D7E0FA85297D206400F8D9A1 /* VerificationControllers */,
				D7E0FA8C297D226500F8D9A1 /* PhoneNumberControllers */,
			);
			path = PhoneAuthentication;
			sourceTree = "<group>";
		};
		D7E0FA8C297D226500F8D9A1 /* PhoneNumberControllers */ = {
			isa = PBXGroup;
			children = (
				D7E0FA8D297D22A700F8D9A1 /* CountriesSelector */,
				D7E0FA9A297D246000F8D9A1 /* PhoneNumberController.swift */,
				D7E0FA9C297D246D00F8D9A1 /* PhoneNumberContainerView.swift */,
			);
			path = PhoneNumberControllers;
			sourceTree = "<group>";
		};
		D7E0FA8D297D22A700F8D9A1 /* CountriesSelector */ = {
			isa = PBXGroup;
			children = (
				D7E0FA97297D23F000F8D9A1 /* Cells */,
				D7E0FA94297D230700F8D9A1 /* Model */,
				D7E0FA8E297D22B400F8D9A1 /* Support */,
			);
			path = CountriesSelector;
			sourceTree = "<group>";
		};
		D7E0FA8E297D22B400F8D9A1 /* Support */ = {
			isa = PBXGroup;
			children = (
				D7E0FA8F297D22CB00F8D9A1 /* CallingCodes.plist */,
				D7E0FA92297D22E200F8D9A1 /* CountriesFetcher.swift */,
			);
			path = Support;
			sourceTree = "<group>";
		};
		D7E0FA94297D230700F8D9A1 /* Model */ = {
			isa = PBXGroup;
			children = (
				D7E0FA95297D231700F8D9A1 /* Country.swift */,
			);
			path = Model;
			sourceTree = "<group>";
		};
		D7E0FA97297D23F000F8D9A1 /* Cells */ = {
			isa = PBXGroup;
			children = (
				D7E0FA98297D240000F8D9A1 /* CountriesTableViewCell.swift */,
			);
			path = Cells;
			sourceTree = "<group>";
		};
		D7E0FA9E297D261B00F8D9A1 /* UserProfile */ = {
			isa = PBXGroup;
			children = (
				D7E0FA9F297D263B00F8D9A1 /* UserProfileController.swift */,
				D7E0FAA1297D273F00F8D9A1 /* UserProfileContainerView.swift */,
				D7E0FAA3297D275A00F8D9A1 /* UserProfileController+keyboardHandlers.swift */,
				D7E0FAA5297D276F00F8D9A1 /* UserProfileAvatarOpenerDelegate.swift */,
				D7E0FAA7297D278200F8D9A1 /* UserProfileDataDatabaseUpdater.swift */,
				D7E0FAA9297D279C00F8D9A1 /* UserExistenceChecker.swift */,
			);
			path = UserProfile;
			sourceTree = "<group>";
		};
		D7E0FAAB297D284F00F8D9A1 /* Supporting Files */ = {
			isa = PBXGroup;
			children = (
				D7E0FAAC297D285F00F8D9A1 /* CoreManagers */,
			);
			path = "Supporting Files";
			sourceTree = "<group>";
		};
		D7E0FAAC297D285F00F8D9A1 /* CoreManagers */ = {
			isa = PBXGroup;
			children = (
				D7E0FAAD297D286A00F8D9A1 /* ThemeManager.swift */,
				D7E0FAB0297D28AD00F8D9A1 /* UserDefaultsManager.swift */,
				D7E0FAC2297E7B5100F8D9A1 /* GlobalVariables.swift */,
			);
			path = CoreManagers;
			sourceTree = "<group>";
		};
		D7E0FAB2297D6DB500F8D9A1 /* Helpers */ = {
			isa = PBXGroup;
			children = (
				D7E0FAB3297D6DC100F8D9A1 /* Extension */,
			);
			path = Helpers;
			sourceTree = "<group>";
		};
		D7E0FAB3297D6DC100F8D9A1 /* Extension */ = {
			isa = PBXGroup;
			children = (
				D7E0FAB4297D6DDB00F8D9A1 /* UIView+Extension.swift */,
				D7E0FAB8297D71BF00F8D9A1 /* TextField+Extension.swift */,
				D7E0FAC0297E73E800F8D9A1 /* Label+Extension.swift */,
				D7E0FAB6297D6DF300F8D9A1 /* String+Extension.swift */,
				D7E0FAC4297E7DF900F8D9A1 /* ImageView+Extension.swift */,
			);
			path = Extension;
			sourceTree = "<group>";
		};
/* End PBXGroup section */

/* Begin PBXNativeTarget section */
		D7E0FA46297B28EC00F8D9A1 /* Messenger */ = {
			isa = PBXNativeTarget;
			buildConfigurationList = D7E0FA5B297B28EE00F8D9A1 /* Build configuration list for PBXNativeTarget "Messenger" */;
			buildPhases = (
				D7E0FA43297B28EC00F8D9A1 /* Sources */,
				D7E0FA44297B28EC00F8D9A1 /* Frameworks */,
				D7E0FA45297B28EC00F8D9A1 /* Resources */,
			);
			buildRules = (
			);
			dependencies = (
			);
			name = Messenger;
			productName = Messenger;
			productReference = D7E0FA47297B28EC00F8D9A1 /* Messenger.app */;
			productType = "com.apple.product-type.application";
		};
/* End PBXNativeTarget section */

/* Begin PBXProject section */
		D7E0FA3F297B28EB00F8D9A1 /* Project object */ = {
			isa = PBXProject;
			attributes = {
				BuildIndependentTargetsInParallel = 1;
				LastSwiftUpdateCheck = 1400;
				LastUpgradeCheck = 1400;
				TargetAttributes = {
					D7E0FA46297B28EC00F8D9A1 = {
						CreatedOnToolsVersion = 14.0.1;
					};
				};
			};
			buildConfigurationList = D7E0FA42297B28EB00F8D9A1 /* Build configuration list for PBXProject "Messenger" */;
			compatibilityVersion = "Xcode 14.0";
			developmentRegion = en;
			hasScannedForEncodings = 0;
			knownRegions = (
				en,
				Base,
				ru,
			);
			mainGroup = D7E0FA3E297B28EB00F8D9A1;
			productRefGroup = D7E0FA48297B28EC00F8D9A1 /* Products */;
			projectDirPath = "";
			projectRoot = "";
			targets = (
				D7E0FA46297B28EC00F8D9A1 /* Messenger */,
			);
		};
/* End PBXProject section */

/* Begin PBXResourcesBuildPhase section */
		D7E0FA45297B28EC00F8D9A1 /* Resources */ = {
			isa = PBXResourcesBuildPhase;
			buildActionMask = 2147483647;
			files = (
				D7E0FA57297B28EE00F8D9A1 /* LaunchScreen.storyboard in Resources */,
				D7E0FABC297E6E8C00F8D9A1 /* Localizable.strings in Resources */,
				D7E0FA54297B28EE00F8D9A1 /* Assets.xcassets in Resources */,
				D7E0FA90297D22CB00F8D9A1 /* CallingCodes.plist in Resources */,
			);
			runOnlyForDeploymentPostprocessing = 0;
		};
/* End PBXResourcesBuildPhase section */

/* Begin PBXSourcesBuildPhase section */
		D7E0FA43297B28EC00F8D9A1 /* Sources */ = {
			isa = PBXSourcesBuildPhase;
			buildActionMask = 2147483647;
			files = (
				D7E0FA84297D1F4A00F8D9A1 /* VerificationContainerView.swift in Sources */,
				D7E0FAAA297D279C00F8D9A1 /* UserExistenceChecker.swift in Sources */,
				D7E0FAA4297D275A00F8D9A1 /* UserProfileController+keyboardHandlers.swift in Sources */,
				D7E0FA96297D231700F8D9A1 /* Country.swift in Sources */,
				D7E0FAB9297D71BF00F8D9A1 /* TextField+Extension.swift in Sources */,
				D7E0FAA6297D276F00F8D9A1 /* UserProfileAvatarOpenerDelegate.swift in Sources */,
				D7E0FA4F297B28EC00F8D9A1 /* AuthorizationVC.swift in Sources */,
				D7E0FAB1297D28AD00F8D9A1 /* UserDefaultsManager.swift in Sources */,
				D7E0FAC5297E7DF900F8D9A1 /* ImageView+Extension.swift in Sources */,
				D7E0FA4B297B28EC00F8D9A1 /* AppDelegate.swift in Sources */,
				D7E0FA99297D240000F8D9A1 /* CountriesTableViewCell.swift in Sources */,
				D7E0FA81297C626600F8D9A1 /* GeneralTabBarController.swift in Sources */,
				D7E0FA9D297D246D00F8D9A1 /* PhoneNumberContainerView.swift in Sources */,
				D7E0FAA2297D273F00F8D9A1 /* UserProfileContainerView.swift in Sources */,
				D7E0FAB7297D6DF300F8D9A1 /* String+Extension.swift in Sources */,
				D7E0FAC3297E7B5100F8D9A1 /* GlobalVariables.swift in Sources */,
				D7E0FAA0297D263B00F8D9A1 /* UserProfileController.swift in Sources */,
				D7E0FA4D297B28EC00F8D9A1 /* SceneDelegate.swift in Sources */,
				D7E0FAC1297E73E800F8D9A1 /* Label+Extension.swift in Sources */,
				D7E0FA87297D207500F8D9A1 /* VerificationContainerView+Timer.swift in Sources */,
				D7E0FAB5297D6DDB00F8D9A1 /* UIView+Extension.swift in Sources */,
				D7E0FA93297D22E200F8D9A1 /* CountriesFetcher.swift in Sources */,
				D7E0FAAE297D286A00F8D9A1 /* ThemeManager.swift in Sources */,
				D7E0FAA8297D278200F8D9A1 /* UserProfileDataDatabaseUpdater.swift in Sources */,
				D7E0FA89297D20B300F8D9A1 /* VerificationCodeController.swift in Sources */,
				D7E0FA9B297D246100F8D9A1 /* PhoneNumberController.swift in Sources */,
			);
			runOnlyForDeploymentPostprocessing = 0;
		};
/* End PBXSourcesBuildPhase section */

/* Begin PBXVariantGroup section */
		D7E0FA55297B28EE00F8D9A1 /* LaunchScreen.storyboard */ = {
			isa = PBXVariantGroup;
			children = (
				D7E0FA56297B28EE00F8D9A1 /* Base */,
			);
			name = LaunchScreen.storyboard;
			sourceTree = "<group>";
		};
		D7E0FABE297E6E8C00F8D9A1 /* Localizable.strings */ = {
			isa = PBXVariantGroup;
			children = (
				D7E0FABD297E6E8C00F8D9A1 /* en */,
				D7E0FABF297E6EA200F8D9A1 /* ru */,
			);
			name = Localizable.strings;
			sourceTree = "<group>";
		};
/* End PBXVariantGroup section */

/* Begin XCBuildConfiguration section */
		D7E0FA59297B28EE00F8D9A1 /* Debug */ = {
			isa = XCBuildConfiguration;
			buildSettings = {
				ALWAYS_SEARCH_USER_PATHS = NO;
				CLANG_ANALYZER_LOCALIZABILITY_NONLOCALIZED = YES;
				CLANG_ANALYZER_NONNULL = YES;
				CLANG_ANALYZER_NUMBER_OBJECT_CONVERSION = YES_AGGRESSIVE;
				CLANG_CXX_LANGUAGE_STANDARD = "gnu++20";
				CLANG_ENABLE_MODULES = YES;
				CLANG_ENABLE_OBJC_ARC = YES;
				CLANG_ENABLE_OBJC_WEAK = YES;
				CLANG_WARN_BLOCK_CAPTURE_AUTORELEASING = YES;
				CLANG_WARN_BOOL_CONVERSION = YES;
				CLANG_WARN_COMMA = YES;
				CLANG_WARN_CONSTANT_CONVERSION = YES;
				CLANG_WARN_DEPRECATED_OBJC_IMPLEMENTATIONS = YES;
				CLANG_WARN_DIRECT_OBJC_ISA_USAGE = YES_ERROR;
				CLANG_WARN_DOCUMENTATION_COMMENTS = YES;
				CLANG_WARN_EMPTY_BODY = YES;
				CLANG_WARN_ENUM_CONVERSION = YES;
				CLANG_WARN_INFINITE_RECURSION = YES;
				CLANG_WARN_INT_CONVERSION = YES;
				CLANG_WARN_NON_LITERAL_NULL_CONVERSION = YES;
				CLANG_WARN_OBJC_IMPLICIT_RETAIN_SELF = YES;
				CLANG_WARN_OBJC_LITERAL_CONVERSION = YES;
				CLANG_WARN_OBJC_ROOT_CLASS = YES_ERROR;
				CLANG_WARN_QUOTED_INCLUDE_IN_FRAMEWORK_HEADER = YES;
				CLANG_WARN_RANGE_LOOP_ANALYSIS = YES;
				CLANG_WARN_STRICT_PROTOTYPES = YES;
				CLANG_WARN_SUSPICIOUS_MOVE = YES;
				CLANG_WARN_UNGUARDED_AVAILABILITY = YES_AGGRESSIVE;
				CLANG_WARN_UNREACHABLE_CODE = YES;
				CLANG_WARN__DUPLICATE_METHOD_MATCH = YES;
				COPY_PHASE_STRIP = NO;
				DEBUG_INFORMATION_FORMAT = dwarf;
				ENABLE_STRICT_OBJC_MSGSEND = YES;
				ENABLE_TESTABILITY = YES;
				GCC_C_LANGUAGE_STANDARD = gnu11;
				GCC_DYNAMIC_NO_PIC = NO;
				GCC_NO_COMMON_BLOCKS = YES;
				GCC_OPTIMIZATION_LEVEL = 0;
				GCC_PREPROCESSOR_DEFINITIONS = (
					"DEBUG=1",
					"$(inherited)",
				);
				GCC_WARN_64_TO_32_BIT_CONVERSION = YES;
				GCC_WARN_ABOUT_RETURN_TYPE = YES_ERROR;
				GCC_WARN_UNDECLARED_SELECTOR = YES;
				GCC_WARN_UNINITIALIZED_AUTOS = YES_AGGRESSIVE;
				GCC_WARN_UNUSED_FUNCTION = YES;
				GCC_WARN_UNUSED_VARIABLE = YES;
				IPHONEOS_DEPLOYMENT_TARGET = 16.0;
				MTL_ENABLE_DEBUG_INFO = INCLUDE_SOURCE;
				MTL_FAST_MATH = YES;
				ONLY_ACTIVE_ARCH = YES;
				SDKROOT = iphoneos;
				SWIFT_ACTIVE_COMPILATION_CONDITIONS = DEBUG;
				SWIFT_OPTIMIZATION_LEVEL = "-Onone";
			};
			name = Debug;
		};
		D7E0FA5A297B28EE00F8D9A1 /* Release */ = {
			isa = XCBuildConfiguration;
			buildSettings = {
				ALWAYS_SEARCH_USER_PATHS = NO;
				CLANG_ANALYZER_LOCALIZABILITY_NONLOCALIZED = YES;
				CLANG_ANALYZER_NONNULL = YES;
				CLANG_ANALYZER_NUMBER_OBJECT_CONVERSION = YES_AGGRESSIVE;
				CLANG_CXX_LANGUAGE_STANDARD = "gnu++20";
				CLANG_ENABLE_MODULES = YES;
				CLANG_ENABLE_OBJC_ARC = YES;
				CLANG_ENABLE_OBJC_WEAK = YES;
				CLANG_WARN_BLOCK_CAPTURE_AUTORELEASING = YES;
				CLANG_WARN_BOOL_CONVERSION = YES;
				CLANG_WARN_COMMA = YES;
				CLANG_WARN_CONSTANT_CONVERSION = YES;
				CLANG_WARN_DEPRECATED_OBJC_IMPLEMENTATIONS = YES;
				CLANG_WARN_DIRECT_OBJC_ISA_USAGE = YES_ERROR;
				CLANG_WARN_DOCUMENTATION_COMMENTS = YES;
				CLANG_WARN_EMPTY_BODY = YES;
				CLANG_WARN_ENUM_CONVERSION = YES;
				CLANG_WARN_INFINITE_RECURSION = YES;
				CLANG_WARN_INT_CONVERSION = YES;
				CLANG_WARN_NON_LITERAL_NULL_CONVERSION = YES;
				CLANG_WARN_OBJC_IMPLICIT_RETAIN_SELF = YES;
				CLANG_WARN_OBJC_LITERAL_CONVERSION = YES;
				CLANG_WARN_OBJC_ROOT_CLASS = YES_ERROR;
				CLANG_WARN_QUOTED_INCLUDE_IN_FRAMEWORK_HEADER = YES;
				CLANG_WARN_RANGE_LOOP_ANALYSIS = YES;
				CLANG_WARN_STRICT_PROTOTYPES = YES;
				CLANG_WARN_SUSPICIOUS_MOVE = YES;
				CLANG_WARN_UNGUARDED_AVAILABILITY = YES_AGGRESSIVE;
				CLANG_WARN_UNREACHABLE_CODE = YES;
				CLANG_WARN__DUPLICATE_METHOD_MATCH = YES;
				COPY_PHASE_STRIP = NO;
				DEBUG_INFORMATION_FORMAT = "dwarf-with-dsym";
				ENABLE_NS_ASSERTIONS = NO;
				ENABLE_STRICT_OBJC_MSGSEND = YES;
				GCC_C_LANGUAGE_STANDARD = gnu11;
				GCC_NO_COMMON_BLOCKS = YES;
				GCC_WARN_64_TO_32_BIT_CONVERSION = YES;
				GCC_WARN_ABOUT_RETURN_TYPE = YES_ERROR;
				GCC_WARN_UNDECLARED_SELECTOR = YES;
				GCC_WARN_UNINITIALIZED_AUTOS = YES_AGGRESSIVE;
				GCC_WARN_UNUSED_FUNCTION = YES;
				GCC_WARN_UNUSED_VARIABLE = YES;
				IPHONEOS_DEPLOYMENT_TARGET = 16.0;
				MTL_ENABLE_DEBUG_INFO = NO;
				MTL_FAST_MATH = YES;
				SDKROOT = iphoneos;
				SWIFT_COMPILATION_MODE = wholemodule;
				SWIFT_OPTIMIZATION_LEVEL = "-O";
				VALIDATE_PRODUCT = YES;
			};
			name = Release;
		};
		D7E0FA5C297B28EE00F8D9A1 /* Debug */ = {
			isa = XCBuildConfiguration;
			buildSettings = {
				ASSETCATALOG_COMPILER_APPICON_NAME = AppIcon;
				ASSETCATALOG_COMPILER_GLOBAL_ACCENT_COLOR_NAME = AccentColor;
				CODE_SIGN_STYLE = Automatic;
				CURRENT_PROJECT_VERSION = 1;
				DEVELOPMENT_TEAM = Q6CQH2T6SR;
				GENERATE_INFOPLIST_FILE = YES;
				INFOPLIST_FILE = Messenger/Info.plist;
				INFOPLIST_KEY_UIApplicationSupportsIndirectInputEvents = YES;
				INFOPLIST_KEY_UILaunchStoryboardName = LaunchScreen;
				INFOPLIST_KEY_UISupportedInterfaceOrientations = UIInterfaceOrientationPortrait;
				IPHONEOS_DEPLOYMENT_TARGET = 13.0;
				LD_RUNPATH_SEARCH_PATHS = (
					"$(inherited)",
					"@executable_path/Frameworks",
				);
				MARKETING_VERSION = 1.0;
				PRODUCT_BUNDLE_IDENTIFIER = com.pet.Messenger;
				PRODUCT_NAME = "$(TARGET_NAME)";
				SUPPORTED_PLATFORMS = "iphoneos iphonesimulator";
				SUPPORTS_MACCATALYST = NO;
				SUPPORTS_MAC_DESIGNED_FOR_IPHONE_IPAD = NO;
				SWIFT_EMIT_LOC_STRINGS = YES;
				SWIFT_VERSION = 5.0;
				TARGETED_DEVICE_FAMILY = 1;
			};
			name = Debug;
		};
		D7E0FA5D297B28EE00F8D9A1 /* Release */ = {
			isa = XCBuildConfiguration;
			buildSettings = {
				ASSETCATALOG_COMPILER_APPICON_NAME = AppIcon;
				ASSETCATALOG_COMPILER_GLOBAL_ACCENT_COLOR_NAME = AccentColor;
				CODE_SIGN_STYLE = Automatic;
				CURRENT_PROJECT_VERSION = 1;
				DEVELOPMENT_TEAM = Q6CQH2T6SR;
				GENERATE_INFOPLIST_FILE = YES;
				INFOPLIST_FILE = Messenger/Info.plist;
				INFOPLIST_KEY_UIApplicationSupportsIndirectInputEvents = YES;
				INFOPLIST_KEY_UILaunchStoryboardName = LaunchScreen;
				INFOPLIST_KEY_UISupportedInterfaceOrientations = UIInterfaceOrientationPortrait;
				IPHONEOS_DEPLOYMENT_TARGET = 13.0;
				LD_RUNPATH_SEARCH_PATHS = (
					"$(inherited)",
					"@executable_path/Frameworks",
				);
				MARKETING_VERSION = 1.0;
				PRODUCT_BUNDLE_IDENTIFIER = com.pet.Messenger;
				PRODUCT_NAME = "$(TARGET_NAME)";
				SUPPORTED_PLATFORMS = "iphoneos iphonesimulator";
				SUPPORTS_MACCATALYST = NO;
				SUPPORTS_MAC_DESIGNED_FOR_IPHONE_IPAD = NO;
				SWIFT_EMIT_LOC_STRINGS = YES;
				SWIFT_VERSION = 5.0;
				TARGETED_DEVICE_FAMILY = 1;
			};
			name = Release;
		};
/* End XCBuildConfiguration section */

/* Begin XCConfigurationList section */
		D7E0FA42297B28EB00F8D9A1 /* Build configuration list for PBXProject "Messenger" */ = {
			isa = XCConfigurationList;
			buildConfigurations = (
				D7E0FA59297B28EE00F8D9A1 /* Debug */,
				D7E0FA5A297B28EE00F8D9A1 /* Release */,
			);
			defaultConfigurationIsVisible = 0;
			defaultConfigurationName = Release;
		};
		D7E0FA5B297B28EE00F8D9A1 /* Build configuration list for PBXNativeTarget "Messenger" */ = {
			isa = XCConfigurationList;
			buildConfigurations = (
				D7E0FA5C297B28EE00F8D9A1 /* Debug */,
				D7E0FA5D297B28EE00F8D9A1 /* Release */,
			);
			defaultConfigurationIsVisible = 0;
			defaultConfigurationName = Release;
		};
/* End XCConfigurationList section */
	};
	rootObject = D7E0FA3F297B28EB00F8D9A1 /* Project object */;
}
